
Microsoft Visual Studio Solution File, Format Version 12.00
# Visual Studio 14
VisualStudioVersion = 14.0.25420.1
MinimumVisualStudioVersion = 10.0.40219.1
Project("{FAE04EC0-301F-11D3-BF4B-00C04F79EFBC}") = "云大选课辅助工具", "云大选课辅助工具\云大选课辅助工具.csproj", "{80CEC515-E434-45BA-A793-A68D4A7BCA11}"
EndProject
Global
	GlobalSection(SolutionConfigurationPlatforms) = preSolution
		Debug|Any CPU = Debug|Any CPU
		Debug|x86 = Debug|x86
		Release|Any CPU = Release|Any CPU
		Release|x86 = Release|x86
	EndGlobalSection
	GlobalSection(ProjectConfigurationPlatforms) = postSolution
		{80CEC515-E434-45BA-A793-A68D4A7BCA11}.Debug|Any CPU.ActiveCfg = Debug|Any CPU
		{80CEC515-E434-45BA-A793-A68D4A7BCA11}.Debug|Any CPU.Build.0 = Debug|Any CPU
		{80CEC515-E434-45BA-A793-A68D4A7BCA11}.Debug|x86.ActiveCfg = Debug|x86
		{80CEC515-E434-45BA-A793-A68D4A7BCA11}.Debug|x86.Build.0 = Debug|x86
		{80CEC515-E434-45BA-A793-A68D4A7BCA11}.Release|Any CPU.ActiveCfg = Release|Any CPU
		{80CEC515-E434-45BA-A793-A68D4A7BCA11}.Release|Any CPU.Build.0 = Release|Any CPU
		{80CEC515-E434-45BA-A793-A68D4A7BCA11}.Release|x86.ActiveCfg = Release|x86
		{80CEC515-E434-45BA-A793-A68D4A7BCA11}.Release|x86.Build.0 = Release|x86
	EndGlobalSection
	GlobalSection(SolutionProperties) = preSolution
		HideSolutionNode = FALSE
	EndGlobalSection
EndGlobal
